
Microsoft Visual Studio Solution File, Format Version 12.00
# Visual Studio Version 16
VisualStudioVersion = 25.0.1703.6
MinimumVisualStudioVersion = 10.0.40219.1
Project("{FAE04EC0-301F-11D3-BF4B-00C04F79EFBC}") = "MQTT_Dashboard", "MQTT_Dashboard\MQTT_Dashboard.csproj", "{FFF35598-BC2C-4CEC-9FDB-829A8E6ECE98}"
EndProject
Project("{FAE04EC0-301F-11D3-BF4B-00C04F79EFBC}") = "MQTT_Connector", "MQTT_Connector\MQTT_Connector.csproj", "{1B22FAFA-07DB-4524-B5F4-07B10BBA2FCA}"
EndProject
Global
	GlobalSection(SolutionConfigurationPlatforms) = preSolution
		Debug|Any CPU = Debug|Any CPU
		Release|Any CPU = Release|Any CPU
	EndGlobalSection
	GlobalSection(ProjectConfigurationPlatforms) = postSolution
		{FFF35598-BC2C-4CEC-9FDB-829A8E6ECE98}.Debug|Any CPU.ActiveCfg = Debug|Any CPU
		{FFF35598-BC2C-4CEC-9FDB-829A8E6ECE98}.Debug|Any CPU.Build.0 = Debug|Any CPU
		{FFF35598-BC2C-4CEC-9FDB-829A8E6ECE98}.Release|Any CPU.ActiveCfg = Release|Any CPU
		{FFF35598-BC2C-4CEC-9FDB-829A8E6ECE98}.Release|Any CPU.Build.0 = Release|Any CPU
		{1B22FAFA-07DB-4524-B5F4-07B10BBA2FCA}.Debug|Any CPU.ActiveCfg = Debug|Any CPU
		{1B22FAFA-07DB-4524-B5F4-07B10BBA2FCA}.Debug|Any CPU.Build.0 = Debug|Any CPU
		{1B22FAFA-07DB-4524-B5F4-07B10BBA2FCA}.Release|Any CPU.ActiveCfg = Release|Any CPU
		{1B22FAFA-07DB-4524-B5F4-07B10BBA2FCA}.Release|Any CPU.Build.0 = Release|Any CPU
	EndGlobalSection
	GlobalSection(SolutionProperties) = preSolution
		HideSolutionNode = FALSE
	EndGlobalSection
	GlobalSection(ExtensibilityGlobals) = postSolution
		SolutionGuid = {06CAEBC5-DA31-437E-8240-76A3C6098402}
	EndGlobalSection
EndGlobal
